
Microsoft Visual Studio Solution File, Format Version 12.00
# Visual Studio Version 17
VisualStudioVersion = 17.14.36301.6
MinimumVisualStudioVersion = 10.0.40219.1
Project("{2150E333-8FDC-42A3-9474-1A3956D46DE8}") = "Bootstraper", "Bootstraper", "{02EA681E-C7D8-13C7-8484-4AC65E1B71E8}"
EndProject
Project("{2150E333-8FDC-42A3-9474-1A3956D46DE8}") = "Modules", "Modules", "{696C3930-FA42-4C53-AB3E-B10550D4198A}"
EndProject
Project("{2150E333-8FDC-42A3-9474-1A3956D46DE8}") = "Shared", "Shared", "{120D50A1-02CB-4C0B-91B5-03D8991574C8}"
EndProject
Project("{FAE04EC0-301F-11D3-BF4B-00C04F79EFBC}") = "Api", "Bootstraper\Api\Api.csproj", "{802D8885-0AC0-4AA4-9A09-1049D9742EC6}"
EndProject
Project("{2150E333-8FDC-42A3-9474-1A3956D46DE8}") = "Basket", "Basket", "{780CF18A-B58C-4FB4-8E42-E38316A0CEB8}"
EndProject
Project("{2150E333-8FDC-42A3-9474-1A3956D46DE8}") = "Catalog", "Catalog", "{B1628074-E0B3-456C-93C3-DB1344E22897}"
EndProject
Project("{2150E333-8FDC-42A3-9474-1A3956D46DE8}") = "Ordering", "Ordering", "{43D96CD3-5903-415F-90FC-9C3817AF85A4}"
EndProject
Project("{2150E333-8FDC-42A3-9474-1A3956D46DE8}") = "Discount", "Discount", "{9D582F02-8749-43A1-9FF8-2968571F2D3C}"
EndProject
Project("{FAE04EC0-301F-11D3-BF4B-00C04F79EFBC}") = "Catalog", "Modules\Catalog\Catalog\Catalog.csproj", "{20479A89-4A47-45C5-A3E7-ED7F857F3D14}"
EndProject
Project("{FAE04EC0-301F-11D3-BF4B-00C04F79EFBC}") = "Basket", "Modules\Basket\Basket\Basket.csproj", "{4E7EA5EF-5045-4920-B516-F5AEF8102500}"
EndProject
Project("{FAE04EC0-301F-11D3-BF4B-00C04F79EFBC}") = "Ordering", "Modules\Ordering\Ordering\Ordering.csproj", "{CD8406E1-FF32-4624-A6C9-66F5097215AC}"
EndProject
Project("{FAE04EC0-301F-11D3-BF4B-00C04F79EFBC}") = "Shared", "Shared\Shared\Shared.csproj", "{E282E4AA-D00B-4478-B77A-6B412C998F97}"
EndProject
Project("{E53339B2-1760-4266-BCC7-CA923CBCF16C}") = "docker-compose", "docker-compose.dcproj", "{81DDED9D-158B-E303-5F62-77A2896D2A5A}"
EndProject
Project("{FAE04EC0-301F-11D3-BF4B-00C04F79EFBC}") = "Catalog.Contracts", "Modules\Catalog\Catalog.Contracts\Catalog.Contracts.csproj", "{49EE6329-FA0D-415B-BFCE-01B44D002D3E}"
EndProject
Project("{FAE04EC0-301F-11D3-BF4B-00C04F79EFBC}") = "Shared.Contract", "Shared\Shared.Contract\Shared.Contract.csproj", "{86FB8082-087F-4383-B806-B643E0EFF95C}"
EndProject
Project("{FAE04EC0-301F-11D3-BF4B-00C04F79EFBC}") = "Shared.Messaging", "Shared\Shared.Messaging\Shared.Messaging.csproj", "{568CB79F-A9A9-4ECE-B249-2C4F607434EA}"
EndProject
Global
	GlobalSection(SolutionConfigurationPlatforms) = preSolution
		Debug|Any CPU = Debug|Any CPU
		Release|Any CPU = Release|Any CPU
	EndGlobalSection
	GlobalSection(ProjectConfigurationPlatforms) = postSolution
		{802D8885-0AC0-4AA4-9A09-1049D9742EC6}.Debug|Any CPU.ActiveCfg = Debug|Any CPU
		{802D8885-0AC0-4AA4-9A09-1049D9742EC6}.Debug|Any CPU.Build.0 = Debug|Any CPU
		{802D8885-0AC0-4AA4-9A09-1049D9742EC6}.Release|Any CPU.ActiveCfg = Release|Any CPU
		{802D8885-0AC0-4AA4-9A09-1049D9742EC6}.Release|Any CPU.Build.0 = Release|Any CPU
		{20479A89-4A47-45C5-A3E7-ED7F857F3D14}.Debug|Any CPU.ActiveCfg = Debug|Any CPU
		{20479A89-4A47-45C5-A3E7-ED7F857F3D14}.Debug|Any CPU.Build.0 = Debug|Any CPU
		{20479A89-4A47-45C5-A3E7-ED7F857F3D14}.Release|Any CPU.ActiveCfg = Release|Any CPU
		{20479A89-4A47-45C5-A3E7-ED7F857F3D14}.Release|Any CPU.Build.0 = Release|Any CPU
		{4E7EA5EF-5045-4920-B516-F5AEF8102500}.Debug|Any CPU.ActiveCfg = Debug|Any CPU
		{4E7EA5EF-5045-4920-B516-F5AEF8102500}.Debug|Any CPU.Build.0 = Debug|Any CPU
		{4E7EA5EF-5045-4920-B516-F5AEF8102500}.Release|Any CPU.ActiveCfg = Release|Any CPU
		{4E7EA5EF-5045-4920-B516-F5AEF8102500}.Release|Any CPU.Build.0 = Release|Any CPU
		{CD8406E1-FF32-4624-A6C9-66F5097215AC}.Debug|Any CPU.ActiveCfg = Debug|Any CPU
		{CD8406E1-FF32-4624-A6C9-66F5097215AC}.Debug|Any CPU.Build.0 = Debug|Any CPU
		{CD8406E1-FF32-4624-A6C9-66F5097215AC}.Release|Any CPU.ActiveCfg = Release|Any CPU
		{CD8406E1-FF32-4624-A6C9-66F5097215AC}.Release|Any CPU.Build.0 = Release|Any CPU
		{E282E4AA-D00B-4478-B77A-6B412C998F97}.Debug|Any CPU.ActiveCfg = Debug|Any CPU
		{E282E4AA-D00B-4478-B77A-6B412C998F97}.Debug|Any CPU.Build.0 = Debug|Any CPU
		{E282E4AA-D00B-4478-B77A-6B412C998F97}.Release|Any CPU.ActiveCfg = Release|Any CPU
		{E282E4AA-D00B-4478-B77A-6B412C998F97}.Release|Any CPU.Build.0 = Release|Any CPU
		{81DDED9D-158B-E303-5F62-77A2896D2A5A}.Debug|Any CPU.ActiveCfg = Debug|Any CPU
		{81DDED9D-158B-E303-5F62-77A2896D2A5A}.Debug|Any CPU.Build.0 = Debug|Any CPU
		{81DDED9D-158B-E303-5F62-77A2896D2A5A}.Release|Any CPU.ActiveCfg = Release|Any CPU
		{81DDED9D-158B-E303-5F62-77A2896D2A5A}.Release|Any CPU.Build.0 = Release|Any CPU
		{49EE6329-FA0D-415B-BFCE-01B44D002D3E}.Debug|Any CPU.ActiveCfg = Debug|Any CPU
		{49EE6329-FA0D-415B-BFCE-01B44D002D3E}.Debug|Any CPU.Build.0 = Debug|Any CPU
		{49EE6329-FA0D-415B-BFCE-01B44D002D3E}.Release|Any CPU.ActiveCfg = Release|Any CPU
		{49EE6329-FA0D-415B-BFCE-01B44D002D3E}.Release|Any CPU.Build.0 = Release|Any CPU
		{86FB8082-087F-4383-B806-B643E0EFF95C}.Debug|Any CPU.ActiveCfg = Debug|Any CPU
		{86FB8082-087F-4383-B806-B643E0EFF95C}.Debug|Any CPU.Build.0 = Debug|Any CPU
		{86FB8082-087F-4383-B806-B643E0EFF95C}.Release|Any CPU.ActiveCfg = Release|Any CPU
		{86FB8082-087F-4383-B806-B643E0EFF95C}.Release|Any CPU.Build.0 = Release|Any CPU
		{568CB79F-A9A9-4ECE-B249-2C4F607434EA}.Debug|Any CPU.ActiveCfg = Debug|Any CPU
		{568CB79F-A9A9-4ECE-B249-2C4F607434EA}.Debug|Any CPU.Build.0 = Debug|Any CPU
		{568CB79F-A9A9-4ECE-B249-2C4F607434EA}.Release|Any CPU.ActiveCfg = Release|Any CPU
		{568CB79F-A9A9-4ECE-B249-2C4F607434EA}.Release|Any CPU.Build.0 = Release|Any CPU
	EndGlobalSection
	GlobalSection(SolutionProperties) = preSolution
		HideSolutionNode = FALSE
	EndGlobalSection
	GlobalSection(NestedProjects) = preSolution
		{802D8885-0AC0-4AA4-9A09-1049D9742EC6} = {02EA681E-C7D8-13C7-8484-4AC65E1B71E8}
		{780CF18A-B58C-4FB4-8E42-E38316A0CEB8} = {696C3930-FA42-4C53-AB3E-B10550D4198A}
		{B1628074-E0B3-456C-93C3-DB1344E22897} = {696C3930-FA42-4C53-AB3E-B10550D4198A}
		{43D96CD3-5903-415F-90FC-9C3817AF85A4} = {696C3930-FA42-4C53-AB3E-B10550D4198A}
		{9D582F02-8749-43A1-9FF8-2968571F2D3C} = {696C3930-FA42-4C53-AB3E-B10550D4198A}
		{20479A89-4A47-45C5-A3E7-ED7F857F3D14} = {B1628074-E0B3-456C-93C3-DB1344E22897}
		{4E7EA5EF-5045-4920-B516-F5AEF8102500} = {780CF18A-B58C-4FB4-8E42-E38316A0CEB8}
		{CD8406E1-FF32-4624-A6C9-66F5097215AC} = {43D96CD3-5903-415F-90FC-9C3817AF85A4}
		{E282E4AA-D00B-4478-B77A-6B412C998F97} = {120D50A1-02CB-4C0B-91B5-03D8991574C8}
		{49EE6329-FA0D-415B-BFCE-01B44D002D3E} = {B1628074-E0B3-456C-93C3-DB1344E22897}
		{86FB8082-087F-4383-B806-B643E0EFF95C} = {120D50A1-02CB-4C0B-91B5-03D8991574C8}
		{568CB79F-A9A9-4ECE-B249-2C4F607434EA} = {120D50A1-02CB-4C0B-91B5-03D8991574C8}
	EndGlobalSection
	GlobalSection(ExtensibilityGlobals) = postSolution
		SolutionGuid = {ED450DB6-D783-42F7-A51E-1BEEFF384973}
	EndGlobalSection
EndGlobal
